// !$*UTF8*$!
{
	archiveVersion = 1;
	classes = {
	};
	objectVersion = 56;
	objects = {

/* Begin PBXBuildFile section */
		D11CBE9D29306FC0005F64EC /* CounterPlusPlusApp.swift in Sources */ = {isa = PBXBuildFile; fileRef = D11CBE9C29306FC0005F64EC /* CounterPlusPlusApp.swift */; };
		D11CBE9F29306FC0005F64EC /* CounterDashboardView.swift in Sources */ = {isa = PBXBuildFile; fileRef = D11CBE9E29306FC0005F64EC /* CounterDashboardView.swift */; };
		D11CBEA129306FC1005F64EC /* Assets.xcassets in Resources */ = {isa = PBXBuildFile; fileRef = D11CBEA029306FC1005F64EC /* Assets.xcassets */; };
		D11CBEA529306FC1005F64EC /* Preview Assets.xcassets in Resources */ = {isa = PBXBuildFile; fileRef = D11CBEA429306FC1005F64EC /* Preview Assets.xcassets */; };
		D11CBEAD29307024005F64EC /* Counter.swift in Sources */ = {isa = PBXBuildFile; fileRef = D11CBEAC29307024005F64EC /* Counter.swift */; };
		D11CBEB1293071F0005F64EC /* CounterDetailsView.swift in Sources */ = {isa = PBXBuildFile; fileRef = D11CBEB0293071F0005F64EC /* CounterDetailsView.swift */; };
		D11CBEB329307818005F64EC /* DateView.swift in Sources */ = {isa = PBXBuildFile; fileRef = D11CBEB229307818005F64EC /* DateView.swift */; };
		D11CBEC22930792F005F64EC /* CounterTests.swift in Sources */ = {isa = PBXBuildFile; fileRef = D11CBEC12930792F005F64EC /* CounterTests.swift */; };
		D11CBEC4293079EA005F64EC /* CounterDetailsViewModelTests.swift in Sources */ = {isa = PBXBuildFile; fileRef = D11CBEC3293079EA005F64EC /* CounterDetailsViewModelTests.swift */; };
/* End PBXBuildFile section */

/* Begin PBXContainerItemProxy section */
		D11CBEBC2930791D005F64EC /* PBXContainerItemProxy */ = {
			isa = PBXContainerItemProxy;
			containerPortal = D11CBE9129306FC0005F64EC /* Project object */;
			proxyType = 1;
			remoteGlobalIDString = D11CBE9829306FC0005F64EC;
			remoteInfo = CounterPlusPlus;
		};
/* End PBXContainerItemProxy section */

/* Begin PBXFileReference section */
		D11CBE9929306FC0005F64EC /* CounterPlusPlus.app */ = {isa = PBXFileReference; explicitFileType = wrapper.application; includeInIndex = 0; path = CounterPlusPlus.app; sourceTree = BUILT_PRODUCTS_DIR; };
		D11CBE9C29306FC0005F64EC /* CounterPlusPlusApp.swift */ = {isa = PBXFileReference; lastKnownFileType = sourcecode.swift; path = CounterPlusPlusApp.swift; sourceTree = "<group>"; };
		D11CBE9E29306FC0005F64EC /* CounterDashboardView.swift */ = {isa = PBXFileReference; lastKnownFileType = sourcecode.swift; path = CounterDashboardView.swift; sourceTree = "<group>"; };
		D11CBEA029306FC1005F64EC /* Assets.xcassets */ = {isa = PBXFileReference; lastKnownFileType = folder.assetcatalog; path = Assets.xcassets; sourceTree = "<group>"; };
		D11CBEA229306FC1005F64EC /* CounterPlusPlus.entitlements */ = {isa = PBXFileReference; lastKnownFileType = text.plist.entitlements; path = CounterPlusPlus.entitlements; sourceTree = "<group>"; };
		D11CBEA429306FC1005F64EC /* Preview Assets.xcassets */ = {isa = PBXFileReference; lastKnownFileType = folder.assetcatalog; path = "Preview Assets.xcassets"; sourceTree = "<group>"; };
		D11CBEAC29307024005F64EC /* Counter.swift */ = {isa = PBXFileReference; lastKnownFileType = sourcecode.swift; path = Counter.swift; sourceTree = "<group>"; };
		D11CBEB0293071F0005F64EC /* CounterDetailsView.swift */ = {isa = PBXFileReference; lastKnownFileType = sourcecode.swift; path = CounterDetailsView.swift; sourceTree = "<group>"; };
		D11CBEB229307818005F64EC /* DateView.swift */ = {isa = PBXFileReference; lastKnownFileType = sourcecode.swift; path = DateView.swift; sourceTree = "<group>"; };
		D11CBEB82930791D005F64EC /* CounterPlusPlusTests.xctest */ = {isa = PBXFileReference; explicitFileType = wrapper.cfbundle; includeInIndex = 0; path = CounterPlusPlusTests.xctest; sourceTree = BUILT_PRODUCTS_DIR; };
		D11CBEC12930792F005F64EC /* CounterTests.swift */ = {isa = PBXFileReference; lastKnownFileType = sourcecode.swift; path = CounterTests.swift; sourceTree = "<group>"; };
		D11CBEC3293079EA005F64EC /* CounterDetailsViewModelTests.swift */ = {isa = PBXFileReference; lastKnownFileType = sourcecode.swift; path = CounterDetailsViewModelTests.swift; sourceTree = "<group>"; };
/* End PBXFileReference section */

/* Begin PBXFrameworksBuildPhase section */
		D11CBE9629306FC0005F64EC /* Frameworks */ = {
			isa = PBXFrameworksBuildPhase;
			buildActionMask = 2147483647;
			files = (
			);
			runOnlyForDeploymentPostprocessing = 0;
		};
		D11CBEB52930791D005F64EC /* Frameworks */ = {
			isa = PBXFrameworksBuildPhase;
			buildActionMask = 2147483647;
			files = (
			);
			runOnlyForDeploymentPostprocessing = 0;
		};
/* End PBXFrameworksBuildPhase section */

/* Begin PBXGroup section */
		D11CBE9029306FC0005F64EC = {
			isa = PBXGroup;
			children = (
				D11CBE9B29306FC0005F64EC /* CounterPlusPlus */,
				D11CBEB92930791D005F64EC /* CounterPlusPlusTests */,
				D11CBE9A29306FC0005F64EC /* Products */,
			);
			sourceTree = "<group>";
		};
		D11CBE9A29306FC0005F64EC /* Products */ = {
			isa = PBXGroup;
			children = (
				D11CBE9929306FC0005F64EC /* CounterPlusPlus.app */,
				D11CBEB82930791D005F64EC /* CounterPlusPlusTests.xctest */,
			);
			name = Products;
			sourceTree = "<group>";
		};
		D11CBE9B29306FC0005F64EC /* CounterPlusPlus */ = {
			isa = PBXGroup;
			children = (
				D11CBEAE29307030005F64EC /* Model */,
				D11CBEAF29307036005F64EC /* Views */,
				D11CBE9C29306FC0005F64EC /* CounterPlusPlusApp.swift */,
				D11CBEA029306FC1005F64EC /* Assets.xcassets */,
				D11CBEA229306FC1005F64EC /* CounterPlusPlus.entitlements */,
				D11CBEA329306FC1005F64EC /* Preview Content */,
			);
			path = CounterPlusPlus;
			sourceTree = "<group>";
		};
		D11CBEA329306FC1005F64EC /* Preview Content */ = {
			isa = PBXGroup;
			children = (
				D11CBEA429306FC1005F64EC /* Preview Assets.xcassets */,
			);
			path = "Preview Content";
			sourceTree = "<group>";
		};
		D11CBEAE29307030005F64EC /* Model */ = {
			isa = PBXGroup;
			children = (
				D11CBEAC29307024005F64EC /* Counter.swift */,
			);
			path = Model;
			sourceTree = "<group>";
		};
		D11CBEAF29307036005F64EC /* Views */ = {
			isa = PBXGroup;
			children = (
				D11CBE9E29306FC0005F64EC /* CounterDashboardView.swift */,
				D11CBEB0293071F0005F64EC /* CounterDetailsView.swift */,
				D11CBEB229307818005F64EC /* DateView.swift */,
			);
			path = Views;
			sourceTree = "<group>";
		};
		D11CBEB92930791D005F64EC /* CounterPlusPlusTests */ = {
			isa = PBXGroup;
			children = (
				D11CBEC12930792F005F64EC /* CounterTests.swift */,
				D11CBEC3293079EA005F64EC /* CounterDetailsViewModelTests.swift */,
			);
			path = CounterPlusPlusTests;
			sourceTree = "<group>";
		};
/* End PBXGroup section */

/* Begin PBXNativeTarget section */
		D11CBE9829306FC0005F64EC /* CounterPlusPlus */ = {
			isa = PBXNativeTarget;
			buildConfigurationList = D11CBEA829306FC1005F64EC /* Build configuration list for PBXNativeTarget "CounterPlusPlus" */;
			buildPhases = (
				D11CBE9529306FC0005F64EC /* Sources */,
				D11CBE9629306FC0005F64EC /* Frameworks */,
				D11CBE9729306FC0005F64EC /* Resources */,
			);
			buildRules = (
			);
			dependencies = (
			);
			name = CounterPlusPlus;
			productName = CounterPlusPlus;
			productReference = D11CBE9929306FC0005F64EC /* CounterPlusPlus.app */;
			productType = "com.apple.product-type.application";
		};
		D11CBEB72930791D005F64EC /* CounterPlusPlusTests */ = {
			isa = PBXNativeTarget;
			buildConfigurationList = D11CBEBE2930791D005F64EC /* Build configuration list for PBXNativeTarget "CounterPlusPlusTests" */;
			buildPhases = (
				D11CBEB42930791D005F64EC /* Sources */,
				D11CBEB52930791D005F64EC /* Frameworks */,
				D11CBEB62930791D005F64EC /* Resources */,
			);
			buildRules = (
			);
			dependencies = (
				D11CBEBD2930791D005F64EC /* PBXTargetDependency */,
			);
			name = CounterPlusPlusTests;
			productName = CounterPlusPlusTests;
			productReference = D11CBEB82930791D005F64EC /* CounterPlusPlusTests.xctest */;
			productType = "com.apple.product-type.bundle.unit-test";
		};
/* End PBXNativeTarget section */

/* Begin PBXProject section */
		D11CBE9129306FC0005F64EC /* Project object */ = {
			isa = PBXProject;
			attributes = {
				BuildIndependentTargetsInParallel = 1;
				LastSwiftUpdateCheck = 1410;
				LastUpgradeCheck = 1410;
				TargetAttributes = {
					D11CBE9829306FC0005F64EC = {
						CreatedOnToolsVersion = 14.1;
					};
					D11CBEB72930791D005F64EC = {
						CreatedOnToolsVersion = 14.1;
						TestTargetID = D11CBE9829306FC0005F64EC;
					};
				};
			};
			buildConfigurationList = D11CBE9429306FC0005F64EC /* Build configuration list for PBXProject "CounterPlusPlus" */;
			compatibilityVersion = "Xcode 14.0";
			developmentRegion = en;
			hasScannedForEncodings = 0;
			knownRegions = (
				en,
				Base,
			);
			mainGroup = D11CBE9029306FC0005F64EC;
			productRefGroup = D11CBE9A29306FC0005F64EC /* Products */;
			projectDirPath = "";
			projectRoot = "";
			targets = (
				D11CBE9829306FC0005F64EC /* CounterPlusPlus */,
				D11CBEB72930791D005F64EC /* CounterPlusPlusTests */,
			);
		};
/* End PBXProject section */

/* Begin PBXResourcesBuildPhase section */
		D11CBE9729306FC0005F64EC /* Resources */ = {
			isa = PBXResourcesBuildPhase;
			buildActionMask = 2147483647;
			files = (
				D11CBEA529306FC1005F64EC /* Preview Assets.xcassets in Resources */,
				D11CBEA129306FC1005F64EC /* Assets.xcassets in Resources */,
			);
			runOnlyForDeploymentPostprocessing = 0;
		};
		D11CBEB62930791D005F64EC /* Resources */ = {
			isa = PBXResourcesBuildPhase;
			buildActionMask = 2147483647;
			files = (
			);
			runOnlyForDeploymentPostprocessing = 0;
		};
/* End PBXResourcesBuildPhase section */

/* Begin PBXSourcesBuildPhase section */
		D11CBE9529306FC0005F64EC /* Sources */ = {
			isa = PBXSourcesBuildPhase;
			buildActionMask = 2147483647;
			files = (
				D11CBEB329307818005F64EC /* DateView.swift in Sources */,
				D11CBEB1293071F0005F64EC /* CounterDetailsView.swift in Sources */,
				D11CBE9F29306FC0005F64EC /* CounterDashboardView.swift in Sources */,
				D11CBE9D29306FC0005F64EC /* CounterPlusPlusApp.swift in Sources */,
				D11CBEAD29307024005F64EC /* Counter.swift in Sources */,
			);
			runOnlyForDeploymentPostprocessing = 0;
		};
		D11CBEB42930791D005F64EC /* Sources */ = {
			isa = PBXSourcesBuildPhase;
			buildActionMask = 2147483647;
			files = (
				D11CBEC4293079EA005F64EC /* CounterDetailsViewModelTests.swift in Sources */,
				D11CBEC22930792F005F64EC /* CounterTests.swift in Sources */,
			);
			runOnlyForDeploymentPostprocessing = 0;
		};
/* End PBXSourcesBuildPhase section */

/* Begin PBXTargetDependency section */
		D11CBEBD2930791D005F64EC /* PBXTargetDependency */ = {
			isa = PBXTargetDependency;
			target = D11CBE9829306FC0005F64EC /* CounterPlusPlus */;
			targetProxy = D11CBEBC2930791D005F64EC /* PBXContainerItemProxy */;
		};
/* End PBXTargetDependency section */

/* Begin XCBuildConfiguration section */
		D11CBEA629306FC1005F64EC /* Debug */ = {
			isa = XCBuildConfiguration;
			buildSettings = {
				ALWAYS_SEARCH_USER_PATHS = NO;
				CLANG_ANALYZER_NONNULL = YES;
				CLANG_ANALYZER_NUMBER_OBJECT_CONVERSION = YES_AGGRESSIVE;
				CLANG_CXX_LANGUAGE_STANDARD = "gnu++20";
				CLANG_ENABLE_MODULES = YES;
				CLANG_ENABLE_OBJC_ARC = YES;
				CLANG_ENABLE_OBJC_WEAK = YES;
				CLANG_WARN_BLOCK_CAPTURE_AUTORELEASING = YES;
				CLANG_WARN_BOOL_CONVERSION = YES;
				CLANG_WARN_COMMA = YES;
				CLANG_WARN_CONSTANT_CONVERSION = YES;
				CLANG_WARN_DEPRECATED_OBJC_IMPLEMENTATIONS = YES;
				CLANG_WARN_DIRECT_OBJC_ISA_USAGE = YES_ERROR;
				CLANG_WARN_DOCUMENTATION_COMMENTS = YES;
				CLANG_WARN_EMPTY_BODY = YES;
				CLANG_WARN_ENUM_CONVERSION = YES;
				CLANG_WARN_INFINITE_RECURSION = YES;
				CLANG_WARN_INT_CONVERSION = YES;
				CLANG_WARN_NON_LITERAL_NULL_CONVERSION = YES;
				CLANG_WARN_OBJC_IMPLICIT_RETAIN_SELF = YES;
				CLANG_WARN_OBJC_LITERAL_CONVERSION = YES;
				CLANG_WARN_OBJC_ROOT_CLASS = YES_ERROR;
				CLANG_WARN_QUOTED_INCLUDE_IN_FRAMEWORK_HEADER = YES;
				CLANG_WARN_RANGE_LOOP_ANALYSIS = YES;
				CLANG_WARN_STRICT_PROTOTYPES = YES;
				CLANG_WARN_SUSPICIOUS_MOVE = YES;
				CLANG_WARN_UNGUARDED_AVAILABILITY = YES_AGGRESSIVE;
				CLANG_WARN_UNREACHABLE_CODE = YES;
				CLANG_WARN__DUPLICATE_METHOD_MATCH = YES;
				COPY_PHASE_STRIP = NO;
				DEBUG_INFORMATION_FORMAT = dwarf;
				ENABLE_STRICT_OBJC_MSGSEND = YES;
				ENABLE_TESTABILITY = YES;
				GCC_C_LANGUAGE_STANDARD = gnu11;
				GCC_DYNAMIC_NO_PIC = NO;
				GCC_NO_COMMON_BLOCKS = YES;
				GCC_OPTIMIZATION_LEVEL = 0;
				GCC_PREPROCESSOR_DEFINITIONS = (
					"DEBUG=1",
					"$(inherited)",
				);
				GCC_WARN_64_TO_32_BIT_CONVERSION = YES;
				GCC_WARN_ABOUT_RETURN_TYPE = YES_ERROR;
				GCC_WARN_UNDECLARED_SELECTOR = YES;
				GCC_WARN_UNINITIALIZED_AUTOS = YES_AGGRESSIVE;
				GCC_WARN_UNUSED_FUNCTION = YES;
				GCC_WARN_UNUSED_VARIABLE = YES;
				MTL_ENABLE_DEBUG_INFO = INCLUDE_SOURCE;
				MTL_FAST_MATH = YES;
				ONLY_ACTIVE_ARCH = YES;
				SWIFT_ACTIVE_COMPILATION_CONDITIONS = DEBUG;
				SWIFT_OPTIMIZATION_LEVEL = "-Onone";
			};
			name = Debug;
		};
		D11CBEA729306FC1005F64EC /* Release */ = {
			isa = XCBuildConfiguration;
			buildSettings = {
				ALWAYS_SEARCH_USER_PATHS = NO;
				CLANG_ANALYZER_NONNULL = YES;
				CLANG_ANALYZER_NUMBER_OBJECT_CONVERSION = YES_AGGRESSIVE;
				CLANG_CXX_LANGUAGE_STANDARD = "gnu++20";
				CLANG_ENABLE_MODULES = YES;
				CLANG_ENABLE_OBJC_ARC = YES;
				CLANG_ENABLE_OBJC_WEAK = YES;
				CLANG_WARN_BLOCK_CAPTURE_AUTORELEASING = YES;
				CLANG_WARN_BOOL_CONVERSION = YES;
				CLANG_WARN_COMMA = YES;
				CLANG_WARN_CONSTANT_CONVERSION = YES;
				CLANG_WARN_DEPRECATED_OBJC_IMPLEMENTATIONS = YES;
				CLANG_WARN_DIRECT_OBJC_ISA_USAGE = YES_ERROR;
				CLANG_WARN_DOCUMENTATION_COMMENTS = YES;
				CLANG_WARN_EMPTY_BODY = YES;
				CLANG_WARN_ENUM_CONVERSION = YES;
				CLANG_WARN_INFINITE_RECURSION = YES;
				CLANG_WARN_INT_CONVERSION = YES;
				CLANG_WARN_NON_LITERAL_NULL_CONVERSION = YES;
				CLANG_WARN_OBJC_IMPLICIT_RETAIN_SELF = YES;
				CLANG_WARN_OBJC_LITERAL_CONVERSION = YES;
				CLANG_WARN_OBJC_ROOT_CLASS = YES_ERROR;
				CLANG_WARN_QUOTED_INCLUDE_IN_FRAMEWORK_HEADER = YES;
				CLANG_WARN_RANGE_LOOP_ANALYSIS = YES;
				CLANG_WARN_STRICT_PROTOTYPES = YES;
				CLANG_WARN_SUSPICIOUS_MOVE = YES;
				CLANG_WARN_UNGUARDED_AVAILABILITY = YES_AGGRESSIVE;
				CLANG_WARN_UNREACHABLE_CODE = YES;
				CLANG_WARN__DUPLICATE_METHOD_MATCH = YES;
				COPY_PHASE_STRIP = NO;
				DEBUG_INFORMATION_FORMAT = "dwarf-with-dsym";
				ENABLE_NS_ASSERTIONS = NO;
				ENABLE_STRICT_OBJC_MSGSEND = YES;
				GCC_C_LANGUAGE_STANDARD = gnu11;
				GCC_NO_COMMON_BLOCKS = YES;
				GCC_WARN_64_TO_32_BIT_CONVERSION = YES;
				GCC_WARN_ABOUT_RETURN_TYPE = YES_ERROR;
				GCC_WARN_UNDECLARED_SELECTOR = YES;
				GCC_WARN_UNINITIALIZED_AUTOS = YES_AGGRESSIVE;
				GCC_WARN_UNUSED_FUNCTION = YES;
				GCC_WARN_UNUSED_VARIABLE = YES;
				MTL_ENABLE_DEBUG_INFO = NO;
				MTL_FAST_MATH = YES;
				SWIFT_COMPILATION_MODE = wholemodule;
				SWIFT_OPTIMIZATION_LEVEL = "-O";
			};
			name = Release;
		};
		D11CBEA929306FC1005F64EC /* Debug */ = {
			isa = XCBuildConfiguration;
			buildSettings = {
				ASSETCATALOG_COMPILER_APPICON_NAME = AppIcon;
				ASSETCATALOG_COMPILER_GLOBAL_ACCENT_COLOR_NAME = AccentColor;
				CODE_SIGN_ENTITLEMENTS = CounterPlusPlus/CounterPlusPlus.entitlements;
				CODE_SIGN_STYLE = Automatic;
				CURRENT_PROJECT_VERSION = 1;
				DEVELOPMENT_ASSET_PATHS = "\"CounterPlusPlus/Preview Content\"";
				DEVELOPMENT_TEAM = E8F6TRKLFF;
				ENABLE_HARDENED_RUNTIME = YES;
				ENABLE_PREVIEWS = YES;
				GENERATE_INFOPLIST_FILE = YES;
				"INFOPLIST_KEY_UIApplicationSceneManifest_Generation[sdk=iphoneos*]" = YES;
				"INFOPLIST_KEY_UIApplicationSceneManifest_Generation[sdk=iphonesimulator*]" = YES;
				"INFOPLIST_KEY_UIApplicationSupportsIndirectInputEvents[sdk=iphoneos*]" = YES;
				"INFOPLIST_KEY_UIApplicationSupportsIndirectInputEvents[sdk=iphonesimulator*]" = YES;
				"INFOPLIST_KEY_UILaunchScreen_Generation[sdk=iphoneos*]" = YES;
				"INFOPLIST_KEY_UILaunchScreen_Generation[sdk=iphonesimulator*]" = YES;
				"INFOPLIST_KEY_UIStatusBarStyle[sdk=iphoneos*]" = UIStatusBarStyleDefault;
				"INFOPLIST_KEY_UIStatusBarStyle[sdk=iphonesimulator*]" = UIStatusBarStyleDefault;
				INFOPLIST_KEY_UISupportedInterfaceOrientations_iPad = "UIInterfaceOrientationPortrait UIInterfaceOrientationPortraitUpsideDown UIInterfaceOrientationLandscapeLeft UIInterfaceOrientationLandscapeRight";
				INFOPLIST_KEY_UISupportedInterfaceOrientations_iPhone = "UIInterfaceOrientationPortrait UIInterfaceOrientationLandscapeLeft UIInterfaceOrientationLandscapeRight";
				IPHONEOS_DEPLOYMENT_TARGET = 16.1;
				LD_RUNPATH_SEARCH_PATHS = "@executable_path/Frameworks";
				"LD_RUNPATH_SEARCH_PATHS[sdk=macosx*]" = "@executable_path/../Frameworks";
				MACOSX_DEPLOYMENT_TARGET = 13.0;
				MARKETING_VERSION = 1.0;
				PRODUCT_BUNDLE_IDENTIFIER = com.lux.jordikitto.CounterPlusPlus;
				PRODUCT_NAME = "$(TARGET_NAME)";
				SDKROOT = auto;
				SUPPORTED_PLATFORMS = "iphoneos iphonesimulator macosx";
				SWIFT_EMIT_LOC_STRINGS = YES;
				SWIFT_VERSION = 5.0;
				TARGETED_DEVICE_FAMILY = "1,2";
			};
			name = Debug;
		};
		D11CBEAA29306FC1005F64EC /* Release */ = {
			isa = XCBuildConfiguration;
			buildSettings = {
				ASSETCATALOG_COMPILER_APPICON_NAME = AppIcon;
				ASSETCATALOG_COMPILER_GLOBAL_ACCENT_COLOR_NAME = AccentColor;
				CODE_SIGN_ENTITLEMENTS = CounterPlusPlus/CounterPlusPlus.entitlements;
				CODE_SIGN_STYLE = Automatic;
				CURRENT_PROJECT_VERSION = 1;
				DEVELOPMENT_ASSET_PATHS = "\"CounterPlusPlus/Preview Content\"";
				DEVELOPMENT_TEAM = E8F6TRKLFF;
				ENABLE_HARDENED_RUNTIME = YES;
				ENABLE_PREVIEWS = YES;
				GENERATE_INFOPLIST_FILE = YES;
				"INFOPLIST_KEY_UIApplicationSceneManifest_Generation[sdk=iphoneos*]" = YES;
				"INFOPLIST_KEY_UIApplicationSceneManifest_Generation[sdk=iphonesimulator*]" = YES;
				"INFOPLIST_KEY_UIApplicationSupportsIndirectInputEvents[sdk=iphoneos*]" = YES;
				"INFOPLIST_KEY_UIApplicationSupportsIndirectInputEvents[sdk=iphonesimulator*]" = YES;
				"INFOPLIST_KEY_UILaunchScreen_Generation[sdk=iphoneos*]" = YES;
				"INFOPLIST_KEY_UILaunchScreen_Generation[sdk=iphonesimulator*]" = YES;
				"INFOPLIST_KEY_UIStatusBarStyle[sdk=iphoneos*]" = UIStatusBarStyleDefault;
				"INFOPLIST_KEY_UIStatusBarStyle[sdk=iphonesimulator*]" = UIStatusBarStyleDefault;
				INFOPLIST_KEY_UISupportedInterfaceOrientations_iPad = "UIInterfaceOrientationPortrait UIInterfaceOrientationPortraitUpsideDown UIInterfaceOrientationLandscapeLeft UIInterfaceOrientationLandscapeRight";
				INFOPLIST_KEY_UISupportedInterfaceOrientations_iPhone = "UIInterfaceOrientationPortrait UIInterfaceOrientationLandscapeLeft UIInterfaceOrientationLandscapeRight";
				IPHONEOS_DEPLOYMENT_TARGET = 16.1;
				LD_RUNPATH_SEARCH_PATHS = "@executable_path/Frameworks";
				"LD_RUNPATH_SEARCH_PATHS[sdk=macosx*]" = "@executable_path/../Frameworks";
				MACOSX_DEPLOYMENT_TARGET = 13.0;
				MARKETING_VERSION = 1.0;
				PRODUCT_BUNDLE_IDENTIFIER = com.lux.jordikitto.CounterPlusPlus;
				PRODUCT_NAME = "$(TARGET_NAME)";
				SDKROOT = auto;
				SUPPORTED_PLATFORMS = "iphoneos iphonesimulator macosx";
				SWIFT_EMIT_LOC_STRINGS = YES;
				SWIFT_VERSION = 5.0;
				TARGETED_DEVICE_FAMILY = "1,2";
			};
			name = Release;
		};
		D11CBEBF2930791D005F64EC /* Debug */ = {
			isa = XCBuildConfiguration;
			buildSettings = {
				BUNDLE_LOADER = "$(TEST_HOST)";
				CODE_SIGN_STYLE = Automatic;
				CURRENT_PROJECT_VERSION = 1;
				DEVELOPMENT_TEAM = E8F6TRKLFF;
				GENERATE_INFOPLIST_FILE = YES;
				IPHONEOS_DEPLOYMENT_TARGET = 16.1;
				MACOSX_DEPLOYMENT_TARGET = 13.0;
				MARKETING_VERSION = 1.0;
				PRODUCT_BUNDLE_IDENTIFIER = com.lux.jordikitto.CounterPlusPlusTests;
				PRODUCT_NAME = "$(TARGET_NAME)";
				SDKROOT = auto;
				SUPPORTED_PLATFORMS = "iphoneos iphonesimulator macosx";
				SWIFT_EMIT_LOC_STRINGS = NO;
				SWIFT_VERSION = 5.0;
				TARGETED_DEVICE_FAMILY = "1,2";
				TEST_HOST = "$(BUILT_PRODUCTS_DIR)/CounterPlusPlus.app/$(BUNDLE_EXECUTABLE_FOLDER_PATH)/CounterPlusPlus";
			};
			name = Debug;
		};
		D11CBEC02930791D005F64EC /* Release */ = {
			isa = XCBuildConfiguration;
			buildSettings = {
				BUNDLE_LOADER = "$(TEST_HOST)";
				CODE_SIGN_STYLE = Automatic;
				CURRENT_PROJECT_VERSION = 1;
				DEVELOPMENT_TEAM = E8F6TRKLFF;
				GENERATE_INFOPLIST_FILE = YES;
				IPHONEOS_DEPLOYMENT_TARGET = 16.1;
				MACOSX_DEPLOYMENT_TARGET = 13.0;
				MARKETING_VERSION = 1.0;
				PRODUCT_BUNDLE_IDENTIFIER = com.lux.jordikitto.CounterPlusPlusTests;
				PRODUCT_NAME = "$(TARGET_NAME)";
				SDKROOT = auto;
				SUPPORTED_PLATFORMS = "iphoneos iphonesimulator macosx";
				SWIFT_EMIT_LOC_STRINGS = NO;
				SWIFT_VERSION = 5.0;
				TARGETED_DEVICE_FAMILY = "1,2";
				TEST_HOST = "$(BUILT_PRODUCTS_DIR)/CounterPlusPlus.app/$(BUNDLE_EXECUTABLE_FOLDER_PATH)/CounterPlusPlus";
			};
			name = Release;
		};
/* End XCBuildConfiguration section */

/* Begin XCConfigurationList section */
		D11CBE9429306FC0005F64EC /* Build configuration list for PBXProject "CounterPlusPlus" */ = {
			isa = XCConfigurationList;
			buildConfigurations = (
				D11CBEA629306FC1005F64EC /* Debug */,
				D11CBEA729306FC1005F64EC /* Release */,
			);
			defaultConfigurationIsVisible = 0;
			defaultConfigurationName = Release;
		};
		D11CBEA829306FC1005F64EC /* Build configuration list for PBXNativeTarget "CounterPlusPlus" */ = {
			isa = XCConfigurationList;
			buildConfigurations = (
				D11CBEA929306FC1005F64EC /* Debug */,
				D11CBEAA29306FC1005F64EC /* Release */,
			);
			defaultConfigurationIsVisible = 0;
			defaultConfigurationName = Release;
		};
		D11CBEBE2930791D005F64EC /* Build configuration list for PBXNativeTarget "CounterPlusPlusTests" */ = {
			isa = XCConfigurationList;
			buildConfigurations = (
				D11CBEBF2930791D005F64EC /* Debug */,
				D11CBEC02930791D005F64EC /* Release */,
			);
			defaultConfigurationIsVisible = 0;
			defaultConfigurationName = Release;
		};
/* End XCConfigurationList section */
	};
	rootObject = D11CBE9129306FC0005F64EC /* Project object */;
}
